
Microsoft Visual Studio Solution File, Format Version 12.00
# Visual Studio Version 17
VisualStudioVersion = 17.10.34928.147
MinimumVisualStudioVersion = 10.0.40219.1
Project("{FAE04EC0-301F-11D3-BF4B-00C04F79EFBC}") = "ClipClop", "ClipClop.csproj", "{FD2E2DCE-866E-4E65-964A-42D115079558}"
EndProject
Global
	GlobalSection(SolutionConfigurationPlatforms) = preSolution
		Debug|Any CPU = Debug|Any CPU
		Release|Any CPU = Release|Any CPU
	EndGlobalSection
	GlobalSection(ProjectConfigurationPlatforms) = postSolution
		{FD2E2DCE-866E-4E65-964A-42D115079558}.Debug|Any CPU.ActiveCfg = Debug|Any CPU
		{FD2E2DCE-866E-4E65-964A-42D115079558}.Debug|Any CPU.Build.0 = Debug|Any CPU
		{FD2E2DCE-866E-4E65-964A-42D115079558}.Release|Any CPU.ActiveCfg = Release|Any CPU
		{FD2E2DCE-866E-4E65-964A-42D115079558}.Release|Any CPU.Build.0 = Release|Any CPU
	EndGlobalSection
	GlobalSection(SolutionProperties) = preSolution
		HideSolutionNode = FALSE
	EndGlobalSection
	GlobalSection(ExtensibilityGlobals) = postSolution
		SolutionGuid = {63534E3B-FBA5-4059-BC94-9E41826C9940}
	EndGlobalSection
EndGlobal
